
Microsoft Visual Studio Solution File, Format Version 12.00
# Visual Studio Version 16
VisualStudioVersion = 16.0.808.4
MinimumVisualStudioVersion = 10.0.40219.1
Project("{FAE04EC0-301F-11D3-BF4B-00C04F79EFBC}") = "boboddyv2_api", "boboddyv2_api.csproj", "{CA0F4CBA-BD28-48A3-8C0B-BEB2AB77C59E}"
EndProject
Global
	GlobalSection(SolutionConfigurationPlatforms) = preSolution
		Debug|Any CPU = Debug|Any CPU
		Release|Any CPU = Release|Any CPU
	EndGlobalSection
	GlobalSection(ProjectConfigurationPlatforms) = postSolution
		{CA0F4CBA-BD28-48A3-8C0B-BEB2AB77C59E}.Debug|Any CPU.ActiveCfg = Debug|Any CPU
		{CA0F4CBA-BD28-48A3-8C0B-BEB2AB77C59E}.Debug|Any CPU.Build.0 = Debug|Any CPU
		{CA0F4CBA-BD28-48A3-8C0B-BEB2AB77C59E}.Release|Any CPU.ActiveCfg = Release|Any CPU
		{CA0F4CBA-BD28-48A3-8C0B-BEB2AB77C59E}.Release|Any CPU.Build.0 = Release|Any CPU
	EndGlobalSection
	GlobalSection(SolutionProperties) = preSolution
		HideSolutionNode = FALSE
	EndGlobalSection
	GlobalSection(ExtensibilityGlobals) = postSolution
		SolutionGuid = {3D27526E-2E50-4CE1-BD6B-18EF2032A516}
	EndGlobalSection
EndGlobal
